{
	"name": "request",
	"version": "1.0.0",
	"lockfileVersion": 2,
	"requires": true,
	"packages": {
		"": {
			"name": "request",
			"version": "1.0.0",
			"license": "MIT",
			"dependencies": {
				"crypto": "^1.0.1",
				"node-fetch": "^3.3.0",
				"node-fetch-commonjs": "^3.2.4",
				"querystring": "^0.2.1",
				"typescript": "^4.8.4",
				"url": "^0.11.0",
				"uuid": "^9.0.0"
			}
		},
		"node_modules/crypto": {
			"version": "1.0.1",
			"resolved": "https://registry.npmmirror.com/crypto/-/crypto-1.0.1.tgz",
			"integrity": "sha512-VxBKmeNcqQdiUQUW2Tzq0t377b54N2bMtXO/qiLa+6eRRmmC4qT3D4OnTGoT/U6O9aklQ/jTwbOtRMTTY8G0Ig==",
			"license": "ISC"
		},
		"node_modules/data-uri-to-buffer": {
			"version": "4.0.0",
			"resolved": "https://registry.npmmirror.com/data-uri-to-buffer/-/data-uri-to-buffer-4.0.0.tgz",
			"integrity": "sha512-Vr3mLBA8qWmcuschSLAOogKgQ/Jwxulv3RNE4FXnYWRGujzrRWQI4m12fQqRkwX06C0KanhLr4hK+GydchZsaA==",
			"license": "MIT",
			"engines": {
				"node": ">= 12"
			}
		},
		"node_modules/fetch-blob": {
			"version": "3.2.0",
			"resolved": "https://registry.npmmirror.com/fetch-blob/-/fetch-blob-3.2.0.tgz",
			"integrity": "sha512-7yAQpD2UMJzLi1Dqv7qFYnPbaPx7ZfFK6PiIxQ4PfkGPyNyl2Ugx+a/umUonmKqjhM4DnfbMvdX6otXq83soQQ==",
			"funding": [
				{
					"type": "github",
					"url": "https://github.com/sponsors/jimmywarting"
				},
				{
					"type": "paypal",
					"url": "https://paypal.me/jimmywarting"
				}
			],
			"license": "MIT",
			"dependencies": {
				"node-domexception": "^1.0.0",
				"web-streams-polyfill": "^3.0.3"
			},
			"engines": {
				"node": "^12.20 || >= 14.13"
			}
		},
		"node_modules/formdata-polyfill": {
			"version": "4.0.10",
			"resolved": "https://registry.npmmirror.com/formdata-polyfill/-/formdata-polyfill-4.0.10.tgz",
			"integrity": "sha512-buewHzMvYL29jdeQTVILecSaZKnt/RJWjoZCF5OW60Z67/GmSLBkOFM7qh1PI3zFNtJbaZL5eQu1vLfazOwj4g==",
			"license": "MIT",
			"dependencies": {
				"fetch-blob": "^3.1.2"
			},
			"engines": {
				"node": ">=12.20.0"
			}
		},
		"node_modules/node-domexception": {
			"version": "1.0.0",
			"resolved": "https://registry.npmmirror.com/node-domexception/-/node-domexception-1.0.0.tgz",
			"integrity": "sha512-/jKZoMpw0F8GRwl4/eLROPA3cfcXtLApP0QzLmUT/HuPCZWyB7IY9ZrMeKw2O/nFIqPQB3PVM9aYm0F312AXDQ==",
			"funding": [
				{
					"type": "github",
					"url": "https://github.com/sponsors/jimmywarting"
				},
				{
					"type": "github",
					"url": "https://paypal.me/jimmywarting"
				}
			],
			"license": "MIT",
			"engines": {
				"node": ">=10.5.0"
			}
		},
		"node_modules/node-fetch": {
			"version": "3.3.0",
			"resolved": "https://registry.npmmirror.com/node-fetch/-/node-fetch-3.3.0.tgz",
			"integrity": "sha512-BKwRP/O0UvoMKp7GNdwPlObhYGB5DQqwhEDQlNKuoqwVYSxkSZCSbHjnFFmUEtwSKRPU4kNK8PbDYYitwaE3QA==",
			"license": "MIT",
			"dependencies": {
				"data-uri-to-buffer": "^4.0.0",
				"fetch-blob": "^3.1.4",
				"formdata-polyfill": "^4.0.10"
			},
			"engines": {
				"node": "^12.20.0 || ^14.13.1 || >=16.0.0"
			},
			"funding": {
				"type": "opencollective",
				"url": "https://opencollective.com/node-fetch"
			}
		},
		"node_modules/node-fetch-commonjs": {
			"version": "3.2.4",
			"resolved": "https://registry.npmmirror.com/node-fetch-commonjs/-/node-fetch-commonjs-3.2.4.tgz",
			"integrity": "sha512-bZW7+ldcuuMPLTJk8DufhT6qHDRdljYD0jqBjmrYfcInaYcReX5kK42SQsu/jvtit/tER28yYjnk63PEEmNPtg==",
			"license": "MIT",
			"dependencies": {
				"formdata-polyfill": "^4.0.10",
				"web-streams-polyfill": "^3.1.1"
			},
			"engines": {
				"node": "^12.20.0 || ^14.13.1 || >=16.0.0"
			},
			"funding": {
				"type": "opencollective",
				"url": "https://opencollective.com/node-fetch"
			}
		},
		"node_modules/punycode": {
			"version": "1.3.2",
			"resolved": "https://registry.npmmirror.com/punycode/-/punycode-1.3.2.tgz",
			"integrity": "sha512-RofWgt/7fL5wP1Y7fxE7/EmTLzQVnB0ycyibJ0OOHIlJqTNzglYFxVwETOcIoJqJmpDXJ9xImDv+Fq34F/d4Dw==",
			"license": "MIT"
		},
		"node_modules/querystring": {
			"version": "0.2.1",
			"resolved": "https://registry.npmmirror.com/querystring/-/querystring-0.2.1.tgz",
			"integrity": "sha512-wkvS7mL/JMugcup3/rMitHmd9ecIGd2lhFhK9N3UUQ450h66d1r3Y9nvXzQAW1Lq+wyx61k/1pfKS5KuKiyEbg==",
			"license": "MIT",
			"engines": {
				"node": ">=0.4.x"
			}
		},
		"node_modules/typescript": {
			"version": "4.8.4",
			"resolved": "https://registry.npmmirror.com/typescript/-/typescript-4.8.4.tgz",
			"integrity": "sha512-QCh+85mCy+h0IGff8r5XWzOVSbBO+KfeYrMQh7NJ58QujwcE22u+NUSmUxqF+un70P9GXKxa2HCNiTTMJknyjQ==",
			"bin": {
				"tsc": "bin/tsc",
				"tsserver": "bin/tsserver"
			},
			"engines": {
				"node": ">=4.2.0"
			}
		},
		"node_modules/url": {
			"version": "0.11.0",
			"resolved": "https://registry.npmmirror.com/url/-/url-0.11.0.tgz",
			"integrity": "sha512-kbailJa29QrtXnxgq+DdCEGlbTeYM2eJUxsz6vjZavrCYPMIFHMKQmSKYAIuUK2i7hgPm28a8piX5NTUtM/LKQ==",
			"license": "MIT",
			"dependencies": {
				"punycode": "1.3.2",
				"querystring": "0.2.0"
			}
		},
		"node_modules/url/node_modules/querystring": {
			"version": "0.2.0",
			"resolved": "https://registry.npmmirror.com/querystring/-/querystring-0.2.0.tgz",
			"integrity": "sha512-X/xY82scca2tau62i9mDyU9K+I+djTMUsvwf7xnUX5GLvVzgJybOJf4Y6o9Zx3oJK/LSXg5tTZBjwzqVPaPO2g==",
			"engines": {
				"node": ">=0.4.x"
			}
		},
		"node_modules/uuid": {
			"version": "9.0.0",
			"resolved": "https://registry.npmmirror.com/uuid/-/uuid-9.0.0.tgz",
			"integrity": "sha512-MXcSTerfPa4uqyzStbRoTgt5XIe3x5+42+q1sDuy3R5MDk66URdLMOZe5aPX/SQd+kuYAh0FdP/pO28IkQyTeg==",
			"license": "MIT",
			"bin": {
				"uuid": "dist/bin/uuid"
			}
		},
		"node_modules/web-streams-polyfill": {
			"version": "3.2.1",
			"resolved": "https://registry.npmmirror.com/web-streams-polyfill/-/web-streams-polyfill-3.2.1.tgz",
			"integrity": "sha512-e0MO3wdXWKrLbL0DgGnUV7WHVuw9OUvL4hjgnPkIeEvESk74gAITi5G606JtZPp39cd8HA9VQzCIvA49LpPN5Q==",
			"license": "MIT",
			"engines": {
				"node": ">= 8"
			}
		}
	},
	"dependencies": {
		"crypto": {
			"version": "1.0.1",
			"resolved": "https://registry.npmmirror.com/crypto/-/crypto-1.0.1.tgz",
			"integrity": "sha512-VxBKmeNcqQdiUQUW2Tzq0t377b54N2bMtXO/qiLa+6eRRmmC4qT3D4OnTGoT/U6O9aklQ/jTwbOtRMTTY8G0Ig=="
		},
		"data-uri-to-buffer": {
			"version": "4.0.0",
			"resolved": "https://registry.npmmirror.com/data-uri-to-buffer/-/data-uri-to-buffer-4.0.0.tgz",
			"integrity": "sha512-Vr3mLBA8qWmcuschSLAOogKgQ/Jwxulv3RNE4FXnYWRGujzrRWQI4m12fQqRkwX06C0KanhLr4hK+GydchZsaA=="
		},
		"fetch-blob": {
			"version": "3.2.0",
			"resolved": "https://registry.npmmirror.com/fetch-blob/-/fetch-blob-3.2.0.tgz",
			"integrity": "sha512-7yAQpD2UMJzLi1Dqv7qFYnPbaPx7ZfFK6PiIxQ4PfkGPyNyl2Ugx+a/umUonmKqjhM4DnfbMvdX6otXq83soQQ==",
			"requires": {
				"node-domexception": "^1.0.0",
				"web-streams-polyfill": "^3.0.3"
			}
		},
		"formdata-polyfill": {
			"version": "4.0.10",
			"resolved": "https://registry.npmmirror.com/formdata-polyfill/-/formdata-polyfill-4.0.10.tgz",
			"integrity": "sha512-buewHzMvYL29jdeQTVILecSaZKnt/RJWjoZCF5OW60Z67/GmSLBkOFM7qh1PI3zFNtJbaZL5eQu1vLfazOwj4g==",
			"requires": {
				"fetch-blob": "^3.1.2"
			}
		},
		"node-domexception": {
			"version": "1.0.0",
			"resolved": "https://registry.npmmirror.com/node-domexception/-/node-domexception-1.0.0.tgz",
			"integrity": "sha512-/jKZoMpw0F8GRwl4/eLROPA3cfcXtLApP0QzLmUT/HuPCZWyB7IY9ZrMeKw2O/nFIqPQB3PVM9aYm0F312AXDQ=="
		},
		"node-fetch": {
			"version": "3.3.0",
			"resolved": "https://registry.npmmirror.com/node-fetch/-/node-fetch-3.3.0.tgz",
			"integrity": "sha512-BKwRP/O0UvoMKp7GNdwPlObhYGB5DQqwhEDQlNKuoqwVYSxkSZCSbHjnFFmUEtwSKRPU4kNK8PbDYYitwaE3QA==",
			"requires": {
				"data-uri-to-buffer": "^4.0.0",
				"fetch-blob": "^3.1.4",
				"formdata-polyfill": "^4.0.10"
			}
		},
		"node-fetch-commonjs": {
			"version": "3.2.4",
			"resolved": "https://registry.npmmirror.com/node-fetch-commonjs/-/node-fetch-commonjs-3.2.4.tgz",
			"integrity": "sha512-bZW7+ldcuuMPLTJk8DufhT6qHDRdljYD0jqBjmrYfcInaYcReX5kK42SQsu/jvtit/tER28yYjnk63PEEmNPtg==",
			"requires": {
				"formdata-polyfill": "^4.0.10",
				"web-streams-polyfill": "^3.1.1"
			}
		},
		"punycode": {
			"version": "1.3.2",
			"resolved": "https://registry.npmmirror.com/punycode/-/punycode-1.3.2.tgz",
			"integrity": "sha512-RofWgt/7fL5wP1Y7fxE7/EmTLzQVnB0ycyibJ0OOHIlJqTNzglYFxVwETOcIoJqJmpDXJ9xImDv+Fq34F/d4Dw=="
		},
		"querystring": {
			"version": "0.2.1",
			"resolved": "https://registry.npmmirror.com/querystring/-/querystring-0.2.1.tgz",
			"integrity": "sha512-wkvS7mL/JMugcup3/rMitHmd9ecIGd2lhFhK9N3UUQ450h66d1r3Y9nvXzQAW1Lq+wyx61k/1pfKS5KuKiyEbg=="
		},
		"typescript": {
			"version": "4.8.4",
			"resolved": "https://registry.npmmirror.com/typescript/-/typescript-4.8.4.tgz",
			"integrity": "sha512-QCh+85mCy+h0IGff8r5XWzOVSbBO+KfeYrMQh7NJ58QujwcE22u+NUSmUxqF+un70P9GXKxa2HCNiTTMJknyjQ=="
		},
		"url": {
			"version": "0.11.0",
			"resolved": "https://registry.npmmirror.com/url/-/url-0.11.0.tgz",
			"integrity": "sha512-kbailJa29QrtXnxgq+DdCEGlbTeYM2eJUxsz6vjZavrCYPMIFHMKQmSKYAIuUK2i7hgPm28a8piX5NTUtM/LKQ==",
			"requires": {
				"punycode": "1.3.2",
				"querystring": "0.2.0"
			},
			"dependencies": {
				"querystring": {
					"version": "0.2.0",
					"resolved": "https://registry.npmmirror.com/querystring/-/querystring-0.2.0.tgz",
					"integrity": "sha512-X/xY82scca2tau62i9mDyU9K+I+djTMUsvwf7xnUX5GLvVzgJybOJf4Y6o9Zx3oJK/LSXg5tTZBjwzqVPaPO2g=="
				}
			}
		},
		"uuid": {
			"version": "9.0.0",
			"resolved": "https://registry.npmmirror.com/uuid/-/uuid-9.0.0.tgz",
			"integrity": "sha512-MXcSTerfPa4uqyzStbRoTgt5XIe3x5+42+q1sDuy3R5MDk66URdLMOZe5aPX/SQd+kuYAh0FdP/pO28IkQyTeg=="
		},
		"web-streams-polyfill": {
			"version": "3.2.1",
			"resolved": "https://registry.npmmirror.com/web-streams-polyfill/-/web-streams-polyfill-3.2.1.tgz",
			"integrity": "sha512-e0MO3wdXWKrLbL0DgGnUV7WHVuw9OUvL4hjgnPkIeEvESk74gAITi5G606JtZPp39cd8HA9VQzCIvA49LpPN5Q=="
		}
	}
}
