# THIS IS AN AUTOGENERATED FILE. DO NOT EDIT THIS FILE DIRECTLY.
# yarn lockfile v1


"crypto@^1.0.1":
  "integrity" "sha512-VxBKmeNcqQdiUQUW2Tzq0t377b54N2bMtXO/qiLa+6eRRmmC4qT3D4OnTGoT/U6O9aklQ/jTwbOtRMTTY8G0Ig=="
  "resolved" "https://registry.npmmirror.com/crypto/-/crypto-1.0.1.tgz"
  "version" "1.0.1"

"data-uri-to-buffer@^4.0.0":
  "integrity" "sha512-Vr3mLBA8qWmcuschSLAOogKgQ/Jwxulv3RNE4FXnYWRGujzrRWQI4m12fQqRkwX06C0KanhLr4hK+GydchZsaA=="
  "resolved" "https://registry.npmmirror.com/data-uri-to-buffer/-/data-uri-to-buffer-4.0.0.tgz"
  "version" "4.0.0"

"fetch-blob@^3.1.2", "fetch-blob@^3.1.4":
  "integrity" "sha512-7yAQpD2UMJzLi1Dqv7qFYnPbaPx7ZfFK6PiIxQ4PfkGPyNyl2Ugx+a/umUonmKqjhM4DnfbMvdX6otXq83soQQ=="
  "resolved" "https://registry.npmmirror.com/fetch-blob/-/fetch-blob-3.2.0.tgz"
  "version" "3.2.0"
  dependencies:
    "node-domexception" "^1.0.0"
    "web-streams-polyfill" "^3.0.3"

"formdata-polyfill@^4.0.10":
  "integrity" "sha512-buewHzMvYL29jdeQTVILecSaZKnt/RJWjoZCF5OW60Z67/GmSLBkOFM7qh1PI3zFNtJbaZL5eQu1vLfazOwj4g=="
  "resolved" "https://registry.npmmirror.com/formdata-polyfill/-/formdata-polyfill-4.0.10.tgz"
  "version" "4.0.10"
  dependencies:
    "fetch-blob" "^3.1.2"

"node-domexception@^1.0.0":
  "integrity" "sha512-/jKZoMpw0F8GRwl4/eLROPA3cfcXtLApP0QzLmUT/HuPCZWyB7IY9ZrMeKw2O/nFIqPQB3PVM9aYm0F312AXDQ=="
  "resolved" "https://registry.npmmirror.com/node-domexception/-/node-domexception-1.0.0.tgz"
  "version" "1.0.0"

"node-fetch-commonjs@^3.2.4":
  "integrity" "sha512-bZW7+ldcuuMPLTJk8DufhT6qHDRdljYD0jqBjmrYfcInaYcReX5kK42SQsu/jvtit/tER28yYjnk63PEEmNPtg=="
  "resolved" "https://registry.npmmirror.com/node-fetch-commonjs/-/node-fetch-commonjs-3.2.4.tgz"
  "version" "3.2.4"
  dependencies:
    "formdata-polyfill" "^4.0.10"
    "web-streams-polyfill" "^3.1.1"

"node-fetch@^3.3.0":
  "integrity" "sha512-BKwRP/O0UvoMKp7GNdwPlObhYGB5DQqwhEDQlNKuoqwVYSxkSZCSbHjnFFmUEtwSKRPU4kNK8PbDYYitwaE3QA=="
  "resolved" "https://registry.npmmirror.com/node-fetch/-/node-fetch-3.3.0.tgz"
  "version" "3.3.0"
  dependencies:
    "data-uri-to-buffer" "^4.0.0"
    "fetch-blob" "^3.1.4"
    "formdata-polyfill" "^4.0.10"

"punycode@1.3.2":
  "integrity" "sha512-RofWgt/7fL5wP1Y7fxE7/EmTLzQVnB0ycyibJ0OOHIlJqTNzglYFxVwETOcIoJqJmpDXJ9xImDv+Fq34F/d4Dw=="
  "resolved" "https://registry.npmmirror.com/punycode/-/punycode-1.3.2.tgz"
  "version" "1.3.2"

"querystring@^0.2.1":
  "integrity" "sha512-wkvS7mL/JMugcup3/rMitHmd9ecIGd2lhFhK9N3UUQ450h66d1r3Y9nvXzQAW1Lq+wyx61k/1pfKS5KuKiyEbg=="
  "resolved" "https://registry.npmmirror.com/querystring/-/querystring-0.2.1.tgz"
  "version" "0.2.1"

"querystring@0.2.0":
  "integrity" "sha512-X/xY82scca2tau62i9mDyU9K+I+djTMUsvwf7xnUX5GLvVzgJybOJf4Y6o9Zx3oJK/LSXg5tTZBjwzqVPaPO2g=="
  "resolved" "https://registry.npmmirror.com/querystring/-/querystring-0.2.0.tgz"
  "version" "0.2.0"

"typescript@^4.8.4":
  "integrity" "sha512-QCh+85mCy+h0IGff8r5XWzOVSbBO+KfeYrMQh7NJ58QujwcE22u+NUSmUxqF+un70P9GXKxa2HCNiTTMJknyjQ=="
  "resolved" "https://registry.npmmirror.com/typescript/-/typescript-4.8.4.tgz"
  "version" "4.8.4"

"url@^0.11.0":
  "integrity" "sha512-kbailJa29QrtXnxgq+DdCEGlbTeYM2eJUxsz6vjZavrCYPMIFHMKQmSKYAIuUK2i7hgPm28a8piX5NTUtM/LKQ=="
  "resolved" "https://registry.npmmirror.com/url/-/url-0.11.0.tgz"
  "version" "0.11.0"
  dependencies:
    "punycode" "1.3.2"
    "querystring" "0.2.0"

"uuid@^9.0.0":
  "integrity" "sha512-MXcSTerfPa4uqyzStbRoTgt5XIe3x5+42+q1sDuy3R5MDk66URdLMOZe5aPX/SQd+kuYAh0FdP/pO28IkQyTeg=="
  "resolved" "https://registry.npmmirror.com/uuid/-/uuid-9.0.0.tgz"
  "version" "9.0.0"

"web-streams-polyfill@^3.0.3", "web-streams-polyfill@^3.1.1":
  "integrity" "sha512-e0MO3wdXWKrLbL0DgGnUV7WHVuw9OUvL4hjgnPkIeEvESk74gAITi5G606JtZPp39cd8HA9VQzCIvA49LpPN5Q=="
  "resolved" "https://registry.npmmirror.com/web-streams-polyfill/-/web-streams-polyfill-3.2.1.tgz"
  "version" "3.2.1"
